schema: '2.0'
stages:
  data_ingestion:
    cmd: python src/data_ingestion.py
    deps:
    - path: src/data_ingestion.py
      hash: md5
      md5: 8e107da117a8ae0d9a34a675fd6fdd49
      size: 446
    outs:
    - path: data/raw/winequality-white.csv
      hash: md5
      md5: 8305ad12adc54ba0fb0e7c3279c599c5
      size: 292287
  data_preprocessing:
    cmd: python src/data_preprocessing.py
    deps:
    - path: data/raw/diabetes.csv
      hash: md5
      md5: bf3703e9cb8cab6bdb417738fb83c13a
      size: 95580
    - path: src/data_preprocessing.py
      hash: md5
      md5: 75ef39cb722f0fbcbee43da1f1f9752b
      size: 592
    outs:
    - path: data/interim/test.csv
      hash: md5
      md5: b284140615c8cc6a576338935aa2aff7
      size: 17943
    - path: data/interim/train.csv
      hash: md5
      md5: 0fe85fd19e73f4f08abe359b439c49bc
      size: 70999
  feature_engineering:
    cmd: python src/feature_engineering.py
    deps:
    - path: data/interim/test.csv
      hash: md5
      md5: 9263089786c7e61425b8bb86f3ffba8c
      size: 58606
    - path: data/interim/train.csv
      hash: md5
      md5: f54abc5117eb89465dcf36cdd22788e6
      size: 233828
    - path: src/feature_engineering.py
      hash: md5
      md5: 8b3f6c53c7d7a2d60d9ac1bf6ed85253
      size: 715
    outs:
    - path: data/processed/test.csv
      hash: md5
      md5: 9263089786c7e61425b8bb86f3ffba8c
      size: 58606
    - path: data/processed/train.csv
      hash: md5
      md5: f54abc5117eb89465dcf36cdd22788e6
      size: 233828
  model_building:
    cmd: python src/model_building.py
    deps:
    - path: data/processed/train.csv
      hash: md5
      md5: 0fe85fd19e73f4f08abe359b439c49bc
      size: 70999
    - path: params.yaml
      hash: md5
      md5: 1cd14f97cc13980b1c2290d44da3e29d
      size: 130
    - path: src/model_building.py
      hash: md5
      md5: a8c3594856628e91850410cd7052fd57
      size: 633
    outs:
    - path: models/model.pkl
      hash: md5
      md5: b94cdbca1ab3a9b63320be0c103852f5
      size: 1017
  model_evaluation:
    cmd: python src/model_evaluation.py
    deps:
    - path: data/processed/test.csv
      hash: md5
      md5: 9263089786c7e61425b8bb86f3ffba8c
      size: 58606
    - path: models/candidates
      hash: md5
      md5: 00005267184a3b874bc7b01d2e49f319.dir
      size: 33360850
      nfiles: 9
    - path: src/model_evaluation.py
      hash: md5
      md5: a5047e693ae009cc830790fcc67b6174
      size: 8720
    outs:
    - path: models/champion_model.joblib
      hash: md5
      md5: 23f87c80fda2d7c2a785e1affd9fdc80
      size: 22688961
    - path: reports/experiment_results.json
      hash: md5
      md5: a2ac84b107d888e5dd7a5a4abba5c762
      size: 3960
  preprocessing:
    cmd: python src/data_preprocessing.py
    deps:
    - path: data/raw/winequality-white.csv
      hash: md5
      md5: 8305ad12adc54ba0fb0e7c3279c599c5
      size: 292287
    - path: src/data_preprocessing.py
      hash: md5
      md5: 4cbc28c35762e93de5e24050d89b9092
      size: 623
    outs:
    - path: data/interim/test.csv
      hash: md5
      md5: 9263089786c7e61425b8bb86f3ffba8c
      size: 58606
    - path: data/interim/train.csv
      hash: md5
      md5: f54abc5117eb89465dcf36cdd22788e6
      size: 233828
  experimentation:
    cmd: python src/model_building.py
    deps:
    - path: data/processed/test.csv
      hash: md5
      md5: 9263089786c7e61425b8bb86f3ffba8c
      size: 58606
    - path: data/processed/train.csv
      hash: md5
      md5: f54abc5117eb89465dcf36cdd22788e6
      size: 233828
    - path: src/model_building.py
      hash: md5
      md5: 504e2a8cd212448264ea9df6e54746b6
      size: 18296
    params:
      params.yaml:
        data.target: quality
        experiment.name: wine-quality-regression
        models:
          linear_regression:
          - name: lr_v1
            fit_intercept: true
            positive: false
          - name: lr_v2
            fit_intercept: false
            positive: false
          - name: lr_v3
            fit_intercept: true
            positive: true
          random_forest:
          - name: rf_v1
            n_estimators: 100
            max_depth: 5
            min_samples_split: 2
          - name: rf_v2
            n_estimators: 200
            max_depth: 10
            min_samples_split: 2
          - name: rf_v3
            n_estimators: 300
            max_depth: 15
            min_samples_split: 5
          xgboost:
          - name: xgb_v1
            n_estimators: 100
            max_depth: 3
            learning_rate: 0.1
          - name: xgb_v2
            n_estimators: 200
            max_depth: 5
            learning_rate: 0.05
          - name: xgb_v3
            n_estimators: 300
            max_depth: 7
            learning_rate: 0.03
    outs:
    - path: models/candidates
      hash: md5
      md5: 00005267184a3b874bc7b01d2e49f319.dir
      size: 33360850
      nfiles: 9
